// !$*UTF8*$!
{
	archiveVersion = 1;
	classes = {
	};
	objectVersion = 50;
	objects = {

/* Begin PBXBuildFile section */
		006BAA2123EE7668004A1110 /* AppDelegate.swift in Sources */ = {isa = PBXBuildFile; fileRef = 006BAA2023EE7668004A1110 /* AppDelegate.swift */; };
		006BAA2323EE7668004A1110 /* SceneDelegate.swift in Sources */ = {isa = PBXBuildFile; fileRef = 006BAA2223EE7668004A1110 /* SceneDelegate.swift */; };
		006BAA2523EE7668004A1110 /* ViewController.swift in Sources */ = {isa = PBXBuildFile; fileRef = 006BAA2423EE7668004A1110 /* ViewController.swift */; };
		006BAA2823EE7668004A1110 /* Main.storyboard in Resources */ = {isa = PBXBuildFile; fileRef = 006BAA2623EE7668004A1110 /* Main.storyboard */; };
		006BAA2B23EE7668004A1110 /* AtlantAppReworked.xcdatamodeld in Sources */ = {isa = PBXBuildFile; fileRef = 006BAA2923EE7668004A1110 /* AtlantAppReworked.xcdatamodeld */; };
		006BAA2D23EE7668004A1110 /* Assets.xcassets in Resources */ = {isa = PBXBuildFile; fileRef = 006BAA2C23EE7668004A1110 /* Assets.xcassets */; };
		006BAA3023EE7668004A1110 /* LaunchScreen.storyboard in Resources */ = {isa = PBXBuildFile; fileRef = 006BAA2E23EE7668004A1110 /* LaunchScreen.storyboard */; };
		00FE283D23EE9CB500ABF338 /* SettingsViewController.swift in Sources */ = {isa = PBXBuildFile; fileRef = 00FE283C23EE9CB500ABF338 /* SettingsViewController.swift */; };
		00FE283F23EEA15B00ABF338 /* EventsTableViewController.swift in Sources */ = {isa = PBXBuildFile; fileRef = 00FE283E23EEA15B00ABF338 /* EventsTableViewController.swift */; };
/* End PBXBuildFile section */

/* Begin PBXFileReference section */
		006BAA1D23EE7668004A1110 /* AtlantAppReworked.app */ = {isa = PBXFileReference; explicitFileType = wrapper.application; includeInIndex = 0; path = AtlantAppReworked.app; sourceTree = BUILT_PRODUCTS_DIR; };
		006BAA2023EE7668004A1110 /* AppDelegate.swift */ = {isa = PBXFileReference; lastKnownFileType = sourcecode.swift; path = AppDelegate.swift; sourceTree = "<group>"; };
		006BAA2223EE7668004A1110 /* SceneDelegate.swift */ = {isa = PBXFileReference; lastKnownFileType = sourcecode.swift; path = SceneDelegate.swift; sourceTree = "<group>"; };
		006BAA2423EE7668004A1110 /* ViewController.swift */ = {isa = PBXFileReference; lastKnownFileType = sourcecode.swift; path = ViewController.swift; sourceTree = "<group>"; };
		006BAA2723EE7668004A1110 /* Base */ = {isa = PBXFileReference; lastKnownFileType = file.storyboard; name = Base; path = Base.lproj/Main.storyboard; sourceTree = "<group>"; };
		006BAA2A23EE7668004A1110 /* AtlantAppReworked.xcdatamodel */ = {isa = PBXFileReference; lastKnownFileType = wrapper.xcdatamodel; path = AtlantAppReworked.xcdatamodel; sourceTree = "<group>"; };
		006BAA2C23EE7668004A1110 /* Assets.xcassets */ = {isa = PBXFileReference; lastKnownFileType = folder.assetcatalog; path = Assets.xcassets; sourceTree = "<group>"; };
		006BAA2F23EE7668004A1110 /* Base */ = {isa = PBXFileReference; lastKnownFileType = file.storyboard; name = Base; path = Base.lproj/LaunchScreen.storyboard; sourceTree = "<group>"; };
		006BAA3123EE7668004A1110 /* Info.plist */ = {isa = PBXFileReference; lastKnownFileType = text.plist.xml; path = Info.plist; sourceTree = "<group>"; };
		00FE283C23EE9CB500ABF338 /* SettingsViewController.swift */ = {isa = PBXFileReference; lastKnownFileType = sourcecode.swift; path = SettingsViewController.swift; sourceTree = "<group>"; };
		00FE283E23EEA15B00ABF338 /* EventsTableViewController.swift */ = {isa = PBXFileReference; lastKnownFileType = sourcecode.swift; path = EventsTableViewController.swift; sourceTree = "<group>"; };
/* End PBXFileReference section */

/* Begin PBXFrameworksBuildPhase section */
		006BAA1A23EE7668004A1110 /* Frameworks */ = {
			isa = PBXFrameworksBuildPhase;
			buildActionMask = 2147483647;
			files = (
			);
			runOnlyForDeploymentPostprocessing = 0;
		};
/* End PBXFrameworksBuildPhase section */

/* Begin PBXGroup section */
		006BAA1423EE7668004A1110 = {
			isa = PBXGroup;
			children = (
				006BAA1F23EE7668004A1110 /* AtlantAppReworked */,
				006BAA1E23EE7668004A1110 /* Products */,
			);
			sourceTree = "<group>";
		};
		006BAA1E23EE7668004A1110 /* Products */ = {
			isa = PBXGroup;
			children = (
				006BAA1D23EE7668004A1110 /* AtlantAppReworked.app */,
			);
			name = Products;
			sourceTree = "<group>";
		};
		006BAA1F23EE7668004A1110 /* AtlantAppReworked */ = {
			isa = PBXGroup;
			children = (
				006BAA2023EE7668004A1110 /* AppDelegate.swift */,
				006BAA2223EE7668004A1110 /* SceneDelegate.swift */,
				006BAA2423EE7668004A1110 /* ViewController.swift */,
				00FE283C23EE9CB500ABF338 /* SettingsViewController.swift */,
				00FE283E23EEA15B00ABF338 /* EventsTableViewController.swift */,
				006BAA2623EE7668004A1110 /* Main.storyboard */,
				006BAA2C23EE7668004A1110 /* Assets.xcassets */,
				006BAA2E23EE7668004A1110 /* LaunchScreen.storyboard */,
				006BAA3123EE7668004A1110 /* Info.plist */,
				006BAA2923EE7668004A1110 /* AtlantAppReworked.xcdatamodeld */,
			);
			path = AtlantAppReworked;
			sourceTree = "<group>";
		};
/* End PBXGroup section */

/* Begin PBXNativeTarget section */
		006BAA1C23EE7668004A1110 /* AtlantAppReworked */ = {
			isa = PBXNativeTarget;
			buildConfigurationList = 006BAA3423EE7668004A1110 /* Build configuration list for PBXNativeTarget "AtlantAppReworked" */;
			buildPhases = (
				006BAA1923EE7668004A1110 /* Sources */,
				006BAA1A23EE7668004A1110 /* Frameworks */,
				006BAA1B23EE7668004A1110 /* Resources */,
			);
			buildRules = (
			);
			dependencies = (
			);
			name = AtlantAppReworked;
			productName = AtlantAppReworked;
			productReference = 006BAA1D23EE7668004A1110 /* AtlantAppReworked.app */;
			productType = "com.apple.product-type.application";
		};
/* End PBXNativeTarget section */

/* Begin PBXProject section */
		006BAA1523EE7668004A1110 /* Project object */ = {
			isa = PBXProject;
			attributes = {
				LastSwiftUpdateCheck = 1110;
				LastUpgradeCheck = 1110;
				ORGANIZATIONNAME = "Дмитрий";
				TargetAttributes = {
					006BAA1C23EE7668004A1110 = {
						CreatedOnToolsVersion = 11.1;
					};
				};
			};
			buildConfigurationList = 006BAA1823EE7668004A1110 /* Build configuration list for PBXProject "AtlantAppReworked" */;
			compatibilityVersion = "Xcode 9.3";
			developmentRegion = en;
			hasScannedForEncodings = 0;
			knownRegions = (
				en,
				Base,
			);
			mainGroup = 006BAA1423EE7668004A1110;
			productRefGroup = 006BAA1E23EE7668004A1110 /* Products */;
			projectDirPath = "";
			projectRoot = "";
			targets = (
				006BAA1C23EE7668004A1110 /* AtlantAppReworked */,
			);
		};
/* End PBXProject section */

/* Begin PBXResourcesBuildPhase section */
		006BAA1B23EE7668004A1110 /* Resources */ = {
			isa = PBXResourcesBuildPhase;
			buildActionMask = 2147483647;
			files = (
				006BAA3023EE7668004A1110 /* LaunchScreen.storyboard in Resources */,
				006BAA2D23EE7668004A1110 /* Assets.xcassets in Resources */,
				006BAA2823EE7668004A1110 /* Main.storyboard in Resources */,
			);
			runOnlyForDeploymentPostprocessing = 0;
		};
/* End PBXResourcesBuildPhase section */

/* Begin PBXSourcesBuildPhase section */
		006BAA1923EE7668004A1110 /* Sources */ = {
			isa = PBXSourcesBuildPhase;
			buildActionMask = 2147483647;
			files = (
				006BAA2523EE7668004A1110 /* ViewController.swift in Sources */,
				006BAA2123EE7668004A1110 /* AppDelegate.swift in Sources */,
				006BAA2B23EE7668004A1110 /* AtlantAppReworked.xcdatamodeld in Sources */,
				00FE283D23EE9CB500ABF338 /* SettingsViewController.swift in Sources */,
				006BAA2323EE7668004A1110 /* SceneDelegate.swift in Sources */,
				00FE283F23EEA15B00ABF338 /* EventsTableViewController.swift in Sources */,
			);
			runOnlyForDeploymentPostprocessing = 0;
		};
/* End PBXSourcesBuildPhase section */

/* Begin PBXVariantGroup section */
		006BAA2623EE7668004A1110 /* Main.storyboard */ = {
			isa = PBXVariantGroup;
			children = (
				006BAA2723EE7668004A1110 /* Base */,
			);
			name = Main.storyboard;
			sourceTree = "<group>";
		};
		006BAA2E23EE7668004A1110 /* LaunchScreen.storyboard */ = {
			isa = PBXVariantGroup;
			children = (
				006BAA2F23EE7668004A1110 /* Base */,
			);
			name = LaunchScreen.storyboard;
			sourceTree = "<group>";
		};
/* End PBXVariantGroup section */

/* Begin XCBuildConfiguration section */
		006BAA3223EE7668004A1110 /* Debug */ = {
			isa = XCBuildConfiguration;
			buildSettings = {
				ALWAYS_SEARCH_USER_PATHS = NO;
				CLANG_ANALYZER_NONNULL = YES;
				CLANG_ANALYZER_NUMBER_OBJECT_CONVERSION = YES_AGGRESSIVE;
				CLANG_CXX_LANGUAGE_STANDARD = "gnu++14";
				CLANG_CXX_LIBRARY = "libc++";
				CLANG_ENABLE_MODULES = YES;
				CLANG_ENABLE_OBJC_ARC = YES;
				CLANG_ENABLE_OBJC_WEAK = YES;
				CLANG_WARN_BLOCK_CAPTURE_AUTORELEASING = YES;
				CLANG_WARN_BOOL_CONVERSION = YES;
				CLANG_WARN_COMMA = YES;
				CLANG_WARN_CONSTANT_CONVERSION = YES;
				CLANG_WARN_DEPRECATED_OBJC_IMPLEMENTATIONS = YES;
				CLANG_WARN_DIRECT_OBJC_ISA_USAGE = YES_ERROR;
				CLANG_WARN_DOCUMENTATION_COMMENTS = YES;
				CLANG_WARN_EMPTY_BODY = YES;
				CLANG_WARN_ENUM_CONVERSION = YES;
				CLANG_WARN_INFINITE_RECURSION = YES;
				CLANG_WARN_INT_CONVERSION = YES;
				CLANG_WARN_NON_LITERAL_NULL_CONVERSION = YES;
				CLANG_WARN_OBJC_IMPLICIT_RETAIN_SELF = YES;
				CLANG_WARN_OBJC_LITERAL_CONVERSION = YES;
				CLANG_WARN_OBJC_ROOT_CLASS = YES_ERROR;
				CLANG_WARN_RANGE_LOOP_ANALYSIS = YES;
				CLANG_WARN_STRICT_PROTOTYPES = YES;
				CLANG_WARN_SUSPICIOUS_MOVE = YES;
				CLANG_WARN_UNGUARDED_AVAILABILITY = YES_AGGRESSIVE;
				CLANG_WARN_UNREACHABLE_CODE = YES;
				CLANG_WARN__DUPLICATE_METHOD_MATCH = YES;
				COPY_PHASE_STRIP = NO;
				DEBUG_INFORMATION_FORMAT = dwarf;
				ENABLE_STRICT_OBJC_MSGSEND = YES;
				ENABLE_TESTABILITY = YES;
				GCC_C_LANGUAGE_STANDARD = gnu11;
				GCC_DYNAMIC_NO_PIC = NO;
				GCC_NO_COMMON_BLOCKS = YES;
				GCC_OPTIMIZATION_LEVEL = 0;
				GCC_PREPROCESSOR_DEFINITIONS = (
					"DEBUG=1",
					"$(inherited)",
				);
				GCC_WARN_64_TO_32_BIT_CONVERSION = YES;
				GCC_WARN_ABOUT_RETURN_TYPE = YES_ERROR;
				GCC_WARN_UNDECLARED_SELECTOR = YES;
				GCC_WARN_UNINITIALIZED_AUTOS = YES_AGGRESSIVE;
				GCC_WARN_UNUSED_FUNCTION = YES;
				GCC_WARN_UNUSED_VARIABLE = YES;
				IPHONEOS_DEPLOYMENT_TARGET = 13.1;
				MTL_ENABLE_DEBUG_INFO = INCLUDE_SOURCE;
				MTL_FAST_MATH = YES;
				ONLY_ACTIVE_ARCH = YES;
				SDKROOT = iphoneos;
				SWIFT_ACTIVE_COMPILATION_CONDITIONS = DEBUG;
				SWIFT_OPTIMIZATION_LEVEL = "-Onone";
			};
			name = Debug;
		};
		006BAA3323EE7668004A1110 /* Release */ = {
			isa = XCBuildConfiguration;
			buildSettings = {
				ALWAYS_SEARCH_USER_PATHS = NO;
				CLANG_ANALYZER_NONNULL = YES;
				CLANG_ANALYZER_NUMBER_OBJECT_CONVERSION = YES_AGGRESSIVE;
				CLANG_CXX_LANGUAGE_STANDARD = "gnu++14";
				CLANG_CXX_LIBRARY = "libc++";
				CLANG_ENABLE_MODULES = YES;
				CLANG_ENABLE_OBJC_ARC = YES;
				CLANG_ENABLE_OBJC_WEAK = YES;
				CLANG_WARN_BLOCK_CAPTURE_AUTORELEASING = YES;
				CLANG_WARN_BOOL_CONVERSION = YES;
				CLANG_WARN_COMMA = YES;
				CLANG_WARN_CONSTANT_CONVERSION = YES;
				CLANG_WARN_DEPRECATED_OBJC_IMPLEMENTATIONS = YES;
				CLANG_WARN_DIRECT_OBJC_ISA_USAGE = YES_ERROR;
				CLANG_WARN_DOCUMENTATION_COMMENTS = YES;
				CLANG_WARN_EMPTY_BODY = YES;
				CLANG_WARN_ENUM_CONVERSION = YES;
				CLANG_WARN_INFINITE_RECURSION = YES;
				CLANG_WARN_INT_CONVERSION = YES;
				CLANG_WARN_NON_LITERAL_NULL_CONVERSION = YES;
				CLANG_WARN_OBJC_IMPLICIT_RETAIN_SELF = YES;
				CLANG_WARN_OBJC_LITERAL_CONVERSION = YES;
				CLANG_WARN_OBJC_ROOT_CLASS = YES_ERROR;
				CLANG_WARN_RANGE_LOOP_ANALYSIS = YES;
				CLANG_WARN_STRICT_PROTOTYPES = YES;
				CLANG_WARN_SUSPICIOUS_MOVE = YES;
				CLANG_WARN_UNGUARDED_AVAILABILITY = YES_AGGRESSIVE;
				CLANG_WARN_UNREACHABLE_CODE = YES;
				CLANG_WARN__DUPLICATE_METHOD_MATCH = YES;
				COPY_PHASE_STRIP = NO;
				DEBUG_INFORMATION_FORMAT = "dwarf-with-dsym";
				ENABLE_NS_ASSERTIONS = NO;
				ENABLE_STRICT_OBJC_MSGSEND = YES;
				GCC_C_LANGUAGE_STANDARD = gnu11;
				GCC_NO_COMMON_BLOCKS = YES;
				GCC_WARN_64_TO_32_BIT_CONVERSION = YES;
				GCC_WARN_ABOUT_RETURN_TYPE = YES_ERROR;
				GCC_WARN_UNDECLARED_SELECTOR = YES;
				GCC_WARN_UNINITIALIZED_AUTOS = YES_AGGRESSIVE;
				GCC_WARN_UNUSED_FUNCTION = YES;
				GCC_WARN_UNUSED_VARIABLE = YES;
				IPHONEOS_DEPLOYMENT_TARGET = 13.1;
				MTL_ENABLE_DEBUG_INFO = NO;
				MTL_FAST_MATH = YES;
				SDKROOT = iphoneos;
				SWIFT_COMPILATION_MODE = wholemodule;
				SWIFT_OPTIMIZATION_LEVEL = "-O";
				VALIDATE_PRODUCT = YES;
			};
			name = Release;
		};
		006BAA3523EE7668004A1110 /* Debug */ = {
			isa = XCBuildConfiguration;
			buildSettings = {
				ASSETCATALOG_COMPILER_APPICON_NAME = AppIcon;
				CODE_SIGN_STYLE = Automatic;
				DEVELOPMENT_TEAM = 6PM6W9L3YQ;
				INFOPLIST_FILE = AtlantAppReworked/Info.plist;
				LD_RUNPATH_SEARCH_PATHS = (
					"$(inherited)",
					"@executable_path/Frameworks",
				);
				PRODUCT_BUNDLE_IDENTIFIER = "ABC-Group.AtlantAppReworked";
				PRODUCT_NAME = "$(TARGET_NAME)";
				SWIFT_VERSION = 5.0;
				TARGETED_DEVICE_FAMILY = 1;
			};
			name = Debug;
		};
		006BAA3623EE7668004A1110 /* Release */ = {
			isa = XCBuildConfiguration;
			buildSettings = {
				ASSETCATALOG_COMPILER_APPICON_NAME = AppIcon;
				CODE_SIGN_STYLE = Automatic;
				DEVELOPMENT_TEAM = 6PM6W9L3YQ;
				INFOPLIST_FILE = AtlantAppReworked/Info.plist;
				LD_RUNPATH_SEARCH_PATHS = (
					"$(inherited)",
					"@executable_path/Frameworks",
				);
				PRODUCT_BUNDLE_IDENTIFIER = "ABC-Group.AtlantAppReworked";
				PRODUCT_NAME = "$(TARGET_NAME)";
				SWIFT_VERSION = 5.0;
				TARGETED_DEVICE_FAMILY = 1;
			};
			name = Release;
		};
/* End XCBuildConfiguration section */

/* Begin XCConfigurationList section */
		006BAA1823EE7668004A1110 /* Build configuration list for PBXProject "AtlantAppReworked" */ = {
			isa = XCConfigurationList;
			buildConfigurations = (
				006BAA3223EE7668004A1110 /* Debug */,
				006BAA3323EE7668004A1110 /* Release */,
			);
			defaultConfigurationIsVisible = 0;
			defaultConfigurationName = Release;
		};
		006BAA3423EE7668004A1110 /* Build configuration list for PBXNativeTarget "AtlantAppReworked" */ = {
			isa = XCConfigurationList;
			buildConfigurations = (
				006BAA3523EE7668004A1110 /* Debug */,
				006BAA3623EE7668004A1110 /* Release */,
			);
			defaultConfigurationIsVisible = 0;
			defaultConfigurationName = Release;
		};
/* End XCConfigurationList section */

/* Begin XCVersionGroup section */
		006BAA2923EE7668004A1110 /* AtlantAppReworked.xcdatamodeld */ = {
			isa = XCVersionGroup;
			children = (
				006BAA2A23EE7668004A1110 /* AtlantAppReworked.xcdatamodel */,
			);
			currentVersion = 006BAA2A23EE7668004A1110 /* AtlantAppReworked.xcdatamodel */;
			path = AtlantAppReworked.xcdatamodeld;
			sourceTree = "<group>";
			versionGroupType = wrapper.xcdatamodel;
		};
/* End XCVersionGroup section */
	};
	rootObject = 006BAA1523EE7668004A1110 /* Project object */;
}
